// !$*UTF8*$!
{
	archiveVersion = 1;
	classes = {
	};
	objectVersion = 60;
	objects = {

/* Begin PBXBuildFile section */
		30303E232B6CDEF500DC3084 /* StreamDeckLayoutView.swift in Sources */ = {isa = PBXBuildFile; fileRef = 30303E222B6CDEF500DC3084 /* StreamDeckLayoutView.swift */; };
		3073016D2B3DB70000C5F5B4 /* StreamDeckKitExampleApp.swift in Sources */ = {isa = PBXBuildFile; fileRef = 3073016C2B3DB70000C5F5B4 /* StreamDeckKitExampleApp.swift */; };
		3073016F2B3DB70000C5F5B4 /* ContentView.swift in Sources */ = {isa = PBXBuildFile; fileRef = 3073016E2B3DB70000C5F5B4 /* ContentView.swift */; };
		307301712B3DB70100C5F5B4 /* Assets.xcassets in Resources */ = {isa = PBXBuildFile; fileRef = 307301702B3DB70100C5F5B4 /* Assets.xcassets */; };
		307301742B3DB70100C5F5B4 /* Preview Assets.xcassets in Resources */ = {isa = PBXBuildFile; fileRef = 307301732B3DB70100C5F5B4 /* Preview Assets.xcassets */; };
		3073017C2B3DB96200C5F5B4 /* StreamDeckKit in Frameworks */ = {isa = PBXBuildFile; productRef = 3073017B2B3DB96200C5F5B4 /* StreamDeckKit */; };
		3073017E2B3DB96200C5F5B4 /* StreamDeckSimulator in Frameworks */ = {isa = PBXBuildFile; productRef = 3073017D2B3DB96200C5F5B4 /* StreamDeckSimulator */; };
		307301822B3DBA7900C5F5B4 /* StreamDeckKit in Frameworks */ = {isa = PBXBuildFile; productRef = 307301812B3DBA7900C5F5B4 /* StreamDeckKit */; };
		307301842B3DBA7900C5F5B4 /* StreamDeckSimulator in Frameworks */ = {isa = PBXBuildFile; productRef = 307301832B3DBA7900C5F5B4 /* StreamDeckSimulator */; };
/* End PBXBuildFile section */

/* Begin PBXFileReference section */
		21DE1EAA2B46E86600B18417 /* Example-App-Info.plist */ = {isa = PBXFileReference; lastKnownFileType = text.plist; path = "Example-App-Info.plist"; sourceTree = SOURCE_ROOT; };
		30303E222B6CDEF500DC3084 /* StreamDeckLayoutView.swift */ = {isa = PBXFileReference; lastKnownFileType = sourcecode.swift; path = StreamDeckLayoutView.swift; sourceTree = "<group>"; };
		307301692B3DB70000C5F5B4 /* StreamDeckKit Example.app */ = {isa = PBXFileReference; explicitFileType = wrapper.application; includeInIndex = 0; path = "StreamDeckKit Example.app"; sourceTree = BUILT_PRODUCTS_DIR; };
		3073016C2B3DB70000C5F5B4 /* StreamDeckKitExampleApp.swift */ = {isa = PBXFileReference; lastKnownFileType = sourcecode.swift; path = StreamDeckKitExampleApp.swift; sourceTree = "<group>"; };
		3073016E2B3DB70000C5F5B4 /* ContentView.swift */ = {isa = PBXFileReference; lastKnownFileType = sourcecode.swift; path = ContentView.swift; sourceTree = "<group>"; };
		307301702B3DB70100C5F5B4 /* Assets.xcassets */ = {isa = PBXFileReference; lastKnownFileType = folder.assetcatalog; path = Assets.xcassets; sourceTree = "<group>"; };
		307301732B3DB70100C5F5B4 /* Preview Assets.xcassets */ = {isa = PBXFileReference; lastKnownFileType = folder.assetcatalog; path = "Preview Assets.xcassets"; sourceTree = "<group>"; };
		307301852B3DBC7600C5F5B4 /* Example App.entitlements */ = {isa = PBXFileReference; lastKnownFileType = text.plist.entitlements; path = "Example App.entitlements"; sourceTree = "<group>"; };
		307301872B3DC01E00C5F5B4 /* IOKit.framework */ = {isa = PBXFileReference; lastKnownFileType = wrapper.framework; name = IOKit.framework; path = System/Library/Frameworks/IOKit.framework; sourceTree = SDKROOT; };
/* End PBXFileReference section */

/* Begin PBXFrameworksBuildPhase section */
		307301662B3DB70000C5F5B4 /* Frameworks */ = {
			isa = PBXFrameworksBuildPhase;
			buildActionMask = 2147483647;
			files = (
				3073017E2B3DB96200C5F5B4 /* StreamDeckSimulator in Frameworks */,
				307301822B3DBA7900C5F5B4 /* StreamDeckKit in Frameworks */,
				307301842B3DBA7900C5F5B4 /* StreamDeckSimulator in Frameworks */,
				3073017C2B3DB96200C5F5B4 /* StreamDeckKit in Frameworks */,
			);
			runOnlyForDeploymentPostprocessing = 0;
		};
/* End PBXFrameworksBuildPhase section */

/* Begin PBXGroup section */
		307301602B3DB70000C5F5B4 = {
			isa = PBXGroup;
			children = (
				3073016B2B3DB70000C5F5B4 /* Example App */,
				3073016A2B3DB70000C5F5B4 /* Products */,
				307301862B3DC01E00C5F5B4 /* Frameworks */,
			);
			sourceTree = "<group>";
		};
		3073016A2B3DB70000C5F5B4 /* Products */ = {
			isa = PBXGroup;
			children = (
				307301692B3DB70000C5F5B4 /* StreamDeckKit Example.app */,
			);
			name = Products;
			sourceTree = "<group>";
		};
		3073016B2B3DB70000C5F5B4 /* Example App */ = {
			isa = PBXGroup;
			children = (
				21DE1EAA2B46E86600B18417 /* Example-App-Info.plist */,
				307301852B3DBC7600C5F5B4 /* Example App.entitlements */,
				3073016C2B3DB70000C5F5B4 /* StreamDeckKitExampleApp.swift */,
				3073016E2B3DB70000C5F5B4 /* ContentView.swift */,
				30303E222B6CDEF500DC3084 /* StreamDeckLayoutView.swift */,
				307301702B3DB70100C5F5B4 /* Assets.xcassets */,
				307301722B3DB70100C5F5B4 /* Preview Content */,
			);
			path = "Example App";
			sourceTree = "<group>";
		};
		307301722B3DB70100C5F5B4 /* Preview Content */ = {
			isa = PBXGroup;
			children = (
				307301732B3DB70100C5F5B4 /* Preview Assets.xcassets */,
			);
			path = "Preview Content";
			sourceTree = "<group>";
		};
		307301862B3DC01E00C5F5B4 /* Frameworks */ = {
			isa = PBXGroup;
			children = (
				307301872B3DC01E00C5F5B4 /* IOKit.framework */,
			);
			name = Frameworks;
			sourceTree = "<group>";
		};
/* End PBXGroup section */

/* Begin PBXNativeTarget section */
		307301682B3DB70000C5F5B4 /* Example App */ = {
			isa = PBXNativeTarget;
			buildConfigurationList = 307301772B3DB70100C5F5B4 /* Build configuration list for PBXNativeTarget "Example App" */;
			buildPhases = (
				30DED3452B8390000042BCA8 /* SwiftLint */,
				307301652B3DB70000C5F5B4 /* Sources */,
				307301662B3DB70000C5F5B4 /* Frameworks */,
				307301672B3DB70000C5F5B4 /* Resources */,
			);
			buildRules = (
			);
			dependencies = (
			);
			name = "Example App";
			packageProductDependencies = (
				3073017B2B3DB96200C5F5B4 /* StreamDeckKit */,
				3073017D2B3DB96200C5F5B4 /* StreamDeckSimulator */,
				307301812B3DBA7900C5F5B4 /* StreamDeckKit */,
				307301832B3DBA7900C5F5B4 /* StreamDeckSimulator */,
			);
			productName = "StreamDeckKit Example";
			productReference = 307301692B3DB70000C5F5B4 /* StreamDeckKit Example.app */;
			productType = "com.apple.product-type.application";
		};
/* End PBXNativeTarget section */

/* Begin PBXProject section */
		307301612B3DB70000C5F5B4 /* Project object */ = {
			isa = PBXProject;
			attributes = {
				BuildIndependentTargetsInParallel = 1;
				LastSwiftUpdateCheck = 1500;
				LastUpgradeCheck = 1500;
				TargetAttributes = {
					307301682B3DB70000C5F5B4 = {
						CreatedOnToolsVersion = 15.0.1;
					};
				};
			};
			buildConfigurationList = 307301642B3DB70000C5F5B4 /* Build configuration list for PBXProject "Example" */;
			compatibilityVersion = "Xcode 14.0";
			developmentRegion = en;
			hasScannedForEncodings = 0;
			knownRegions = (
				en,
				Base,
			);
			mainGroup = 307301602B3DB70000C5F5B4;
			packageReferences = (
				307301802B3DBA7900C5F5B4 /* XCLocalSwiftPackageReference ".." */,
			);
			productRefGroup = 3073016A2B3DB70000C5F5B4 /* Products */;
			projectDirPath = "";
			projectRoot = "";
			targets = (
				307301682B3DB70000C5F5B4 /* Example App */,
			);
		};
/* End PBXProject section */

/* Begin PBXResourcesBuildPhase section */
		307301672B3DB70000C5F5B4 /* Resources */ = {
			isa = PBXResourcesBuildPhase;
			buildActionMask = 2147483647;
			files = (
				307301742B3DB70100C5F5B4 /* Preview Assets.xcassets in Resources */,
				307301712B3DB70100C5F5B4 /* Assets.xcassets in Resources */,
			);
			runOnlyForDeploymentPostprocessing = 0;
		};
/* End PBXResourcesBuildPhase section */

/* Begin PBXShellScriptBuildPhase section */
		30DED3452B8390000042BCA8 /* SwiftLint */ = {
			isa = PBXShellScriptBuildPhase;
			alwaysOutOfDate = 1;
			buildActionMask = 2147483647;
			files = (
			);
			inputFileListPaths = (
			);
			inputPaths = (
			);
			name = SwiftLint;
			outputFileListPaths = (
			);
			outputPaths = (
			);
			runOnlyForDeploymentPostprocessing = 0;
			shellPath = /bin/sh;
			shellScript = "export PATH=\"$PATH:/opt/homebrew/bin\"\nif which swiftlint > /dev/null; then\n  swiftlint lint ../Sources\n  swiftlint lint \"Example App\" --config ../.swiftlint.yml\nelse\n  echo \"warning: SwiftLint not installed, download from https://github.com/realm/SwiftLint\"\n  exit 0\nfi\n";
		};
/* End PBXShellScriptBuildPhase section */

/* Begin PBXSourcesBuildPhase section */
		307301652B3DB70000C5F5B4 /* Sources */ = {
			isa = PBXSourcesBuildPhase;
			buildActionMask = 2147483647;
			files = (
				3073016F2B3DB70000C5F5B4 /* ContentView.swift in Sources */,
				3073016D2B3DB70000C5F5B4 /* StreamDeckKitExampleApp.swift in Sources */,
				30303E232B6CDEF500DC3084 /* StreamDeckLayoutView.swift in Sources */,
			);
			runOnlyForDeploymentPostprocessing = 0;
		};
/* End PBXSourcesBuildPhase section */

/* Begin XCBuildConfiguration section */
		307301752B3DB70100C5F5B4 /* Debug */ = {
			isa = XCBuildConfiguration;
			buildSettings = {
				ALWAYS_SEARCH_USER_PATHS = NO;
				ASSETCATALOG_COMPILER_GENERATE_SWIFT_ASSET_SYMBOL_EXTENSIONS = YES;
				CLANG_ANALYZER_NONNULL = YES;
				CLANG_ANALYZER_NUMBER_OBJECT_CONVERSION = YES_AGGRESSIVE;
				CLANG_CXX_LANGUAGE_STANDARD = "gnu++20";
				CLANG_ENABLE_MODULES = YES;
				CLANG_ENABLE_OBJC_ARC = YES;
				CLANG_ENABLE_OBJC_WEAK = YES;
				CLANG_WARN_BLOCK_CAPTURE_AUTORELEASING = YES;
				CLANG_WARN_BOOL_CONVERSION = YES;
				CLANG_WARN_COMMA = YES;
				CLANG_WARN_CONSTANT_CONVERSION = YES;
				CLANG_WARN_DEPRECATED_OBJC_IMPLEMENTATIONS = YES;
				CLANG_WARN_DIRECT_OBJC_ISA_USAGE = YES_ERROR;
				CLANG_WARN_DOCUMENTATION_COMMENTS = YES;
				CLANG_WARN_EMPTY_BODY = YES;
				CLANG_WARN_ENUM_CONVERSION = YES;
				CLANG_WARN_INFINITE_RECURSION = YES;
				CLANG_WARN_INT_CONVERSION = YES;
				CLANG_WARN_NON_LITERAL_NULL_CONVERSION = YES;
				CLANG_WARN_OBJC_IMPLICIT_RETAIN_SELF = YES;
				CLANG_WARN_OBJC_LITERAL_CONVERSION = YES;
				CLANG_WARN_OBJC_ROOT_CLASS = YES_ERROR;
				CLANG_WARN_QUOTED_INCLUDE_IN_FRAMEWORK_HEADER = YES;
				CLANG_WARN_RANGE_LOOP_ANALYSIS = YES;
				CLANG_WARN_STRICT_PROTOTYPES = YES;
				CLANG_WARN_SUSPICIOUS_MOVE = YES;
				CLANG_WARN_UNGUARDED_AVAILABILITY = YES_AGGRESSIVE;
				CLANG_WARN_UNREACHABLE_CODE = YES;
				CLANG_WARN__DUPLICATE_METHOD_MATCH = YES;
				COPY_PHASE_STRIP = NO;
				DEBUG_INFORMATION_FORMAT = dwarf;
				ENABLE_STRICT_OBJC_MSGSEND = YES;
				ENABLE_TESTABILITY = YES;
				ENABLE_USER_SCRIPT_SANDBOXING = YES;
				GCC_C_LANGUAGE_STANDARD = gnu17;
				GCC_DYNAMIC_NO_PIC = NO;
				GCC_NO_COMMON_BLOCKS = YES;
				GCC_OPTIMIZATION_LEVEL = 0;
				GCC_PREPROCESSOR_DEFINITIONS = (
					"DEBUG=1",
					"$(inherited)",
				);
				GCC_WARN_64_TO_32_BIT_CONVERSION = YES;
				GCC_WARN_ABOUT_RETURN_TYPE = YES_ERROR;
				GCC_WARN_UNDECLARED_SELECTOR = YES;
				GCC_WARN_UNINITIALIZED_AUTOS = YES_AGGRESSIVE;
				GCC_WARN_UNUSED_FUNCTION = YES;
				GCC_WARN_UNUSED_VARIABLE = YES;
				IPHONEOS_DEPLOYMENT_TARGET = 17.0;
				LOCALIZATION_PREFERS_STRING_CATALOGS = YES;
				MTL_ENABLE_DEBUG_INFO = INCLUDE_SOURCE;
				MTL_FAST_MATH = YES;
				ONLY_ACTIVE_ARCH = YES;
				SDKROOT = iphoneos;
				SWIFT_ACTIVE_COMPILATION_CONDITIONS = "DEBUG $(inherited)";
				SWIFT_OPTIMIZATION_LEVEL = "-Onone";
			};
			name = Debug;
		};
		307301762B3DB70100C5F5B4 /* Release */ = {
			isa = XCBuildConfiguration;
			buildSettings = {
				ALWAYS_SEARCH_USER_PATHS = NO;
				ASSETCATALOG_COMPILER_GENERATE_SWIFT_ASSET_SYMBOL_EXTENSIONS = YES;
				CLANG_ANALYZER_NONNULL = YES;
				CLANG_ANALYZER_NUMBER_OBJECT_CONVERSION = YES_AGGRESSIVE;
				CLANG_CXX_LANGUAGE_STANDARD = "gnu++20";
				CLANG_ENABLE_MODULES = YES;
				CLANG_ENABLE_OBJC_ARC = YES;
				CLANG_ENABLE_OBJC_WEAK = YES;
				CLANG_WARN_BLOCK_CAPTURE_AUTORELEASING = YES;
				CLANG_WARN_BOOL_CONVERSION = YES;
				CLANG_WARN_COMMA = YES;
				CLANG_WARN_CONSTANT_CONVERSION = YES;
				CLANG_WARN_DEPRECATED_OBJC_IMPLEMENTATIONS = YES;
				CLANG_WARN_DIRECT_OBJC_ISA_USAGE = YES_ERROR;
				CLANG_WARN_DOCUMENTATION_COMMENTS = YES;
				CLANG_WARN_EMPTY_BODY = YES;
				CLANG_WARN_ENUM_CONVERSION = YES;
				CLANG_WARN_INFINITE_RECURSION = YES;
				CLANG_WARN_INT_CONVERSION = YES;
				CLANG_WARN_NON_LITERAL_NULL_CONVERSION = YES;
				CLANG_WARN_OBJC_IMPLICIT_RETAIN_SELF = YES;
				CLANG_WARN_OBJC_LITERAL_CONVERSION = YES;
				CLANG_WARN_OBJC_ROOT_CLASS = YES_ERROR;
				CLANG_WARN_QUOTED_INCLUDE_IN_FRAMEWORK_HEADER = YES;
				CLANG_WARN_RANGE_LOOP_ANALYSIS = YES;
				CLANG_WARN_STRICT_PROTOTYPES = YES;
				CLANG_WARN_SUSPICIOUS_MOVE = YES;
				CLANG_WARN_UNGUARDED_AVAILABILITY = YES_AGGRESSIVE;
				CLANG_WARN_UNREACHABLE_CODE = YES;
				CLANG_WARN__DUPLICATE_METHOD_MATCH = YES;
				COPY_PHASE_STRIP = NO;
				DEBUG_INFORMATION_FORMAT = "dwarf-with-dsym";
				ENABLE_NS_ASSERTIONS = NO;
				ENABLE_STRICT_OBJC_MSGSEND = YES;
				ENABLE_USER_SCRIPT_SANDBOXING = YES;
				GCC_C_LANGUAGE_STANDARD = gnu17;
				GCC_NO_COMMON_BLOCKS = YES;
				GCC_WARN_64_TO_32_BIT_CONVERSION = YES;
				GCC_WARN_ABOUT_RETURN_TYPE = YES_ERROR;
				GCC_WARN_UNDECLARED_SELECTOR = YES;
				GCC_WARN_UNINITIALIZED_AUTOS = YES_AGGRESSIVE;
				GCC_WARN_UNUSED_FUNCTION = YES;
				GCC_WARN_UNUSED_VARIABLE = YES;
				IPHONEOS_DEPLOYMENT_TARGET = 17.0;
				LOCALIZATION_PREFERS_STRING_CATALOGS = YES;
				MTL_ENABLE_DEBUG_INFO = NO;
				MTL_FAST_MATH = YES;
				SDKROOT = iphoneos;
				SWIFT_COMPILATION_MODE = wholemodule;
				VALIDATE_PRODUCT = YES;
			};
			name = Release;
		};
		307301782B3DB70100C5F5B4 /* Debug */ = {
			isa = XCBuildConfiguration;
			buildSettings = {
				ASSETCATALOG_COMPILER_APPICON_NAME = AppIcon;
				ASSETCATALOG_COMPILER_GLOBAL_ACCENT_COLOR_NAME = AccentColor;
				CODE_SIGN_ENTITLEMENTS = "Example App/Example App.entitlements";
				CODE_SIGN_STYLE = Automatic;
				CURRENT_PROJECT_VERSION = 1;
				DEVELOPMENT_ASSET_PATHS = "\"Example App/Preview Content\"";
				DEVELOPMENT_TEAM = Y93VXCB8Q5;
				ENABLE_PREVIEWS = YES;
				ENABLE_USER_SCRIPT_SANDBOXING = NO;
				GENERATE_INFOPLIST_FILE = YES;
				INFOPLIST_FILE = "Example-App-Info.plist";
				INFOPLIST_KEY_UIApplicationSceneManifest_Generation = YES;
				INFOPLIST_KEY_UIApplicationSupportsIndirectInputEvents = YES;
				INFOPLIST_KEY_UILaunchScreen_Generation = YES;
				INFOPLIST_KEY_UISupportedInterfaceOrientations_iPad = "UIInterfaceOrientationPortrait UIInterfaceOrientationPortraitUpsideDown UIInterfaceOrientationLandscapeLeft UIInterfaceOrientationLandscapeRight";
				INFOPLIST_KEY_UISupportedInterfaceOrientations_iPhone = "UIInterfaceOrientationPortrait UIInterfaceOrientationLandscapeLeft UIInterfaceOrientationLandscapeRight";
				LD_RUNPATH_SEARCH_PATHS = (
					"$(inherited)",
					"@executable_path/Frameworks",
				);
				MARKETING_VERSION = 1.0;
				PRODUCT_BUNDLE_IDENTIFIER = "com.elgato.samplecode.${DEVELOPMENT_TEAM}.StreamDeckKit-Example";
				PRODUCT_NAME = "StreamDeckKit Example";
				SWIFT_EMIT_LOC_STRINGS = YES;
				SWIFT_VERSION = 5.0;
				TARGETED_DEVICE_FAMILY = "1,2";
			};
			name = Debug;
		};
		307301792B3DB70100C5F5B4 /* Release */ = {
			isa = XCBuildConfiguration;
			buildSettings = {
				ASSETCATALOG_COMPILER_APPICON_NAME = AppIcon;
				ASSETCATALOG_COMPILER_GLOBAL_ACCENT_COLOR_NAME = AccentColor;
				CODE_SIGN_ENTITLEMENTS = "Example App/Example App.entitlements";
				CODE_SIGN_STYLE = Automatic;
				CURRENT_PROJECT_VERSION = 1;
				DEVELOPMENT_ASSET_PATHS = "\"Example App/Preview Content\"";
				DEVELOPMENT_TEAM = Y93VXCB8Q5;
				ENABLE_PREVIEWS = YES;
				ENABLE_USER_SCRIPT_SANDBOXING = NO;
				GENERATE_INFOPLIST_FILE = YES;
				INFOPLIST_FILE = "Example-App-Info.plist";
				INFOPLIST_KEY_UIApplicationSceneManifest_Generation = YES;
				INFOPLIST_KEY_UIApplicationSupportsIndirectInputEvents = YES;
				INFOPLIST_KEY_UILaunchScreen_Generation = YES;
				INFOPLIST_KEY_UISupportedInterfaceOrientations_iPad = "UIInterfaceOrientationPortrait UIInterfaceOrientationPortraitUpsideDown UIInterfaceOrientationLandscapeLeft UIInterfaceOrientationLandscapeRight";
				INFOPLIST_KEY_UISupportedInterfaceOrientations_iPhone = "UIInterfaceOrientationPortrait UIInterfaceOrientationLandscapeLeft UIInterfaceOrientationLandscapeRight";
				LD_RUNPATH_SEARCH_PATHS = (
					"$(inherited)",
					"@executable_path/Frameworks",
				);
				MARKETING_VERSION = 1.0;
				PRODUCT_BUNDLE_IDENTIFIER = "com.elgato.samplecode.${DEVELOPMENT_TEAM}.StreamDeckKit-Example";
				PRODUCT_NAME = "StreamDeckKit Example";
				SWIFT_EMIT_LOC_STRINGS = YES;
				SWIFT_VERSION = 5.0;
				TARGETED_DEVICE_FAMILY = "1,2";
			};
			name = Release;
		};
/* End XCBuildConfiguration section */

/* Begin XCConfigurationList section */
		307301642B3DB70000C5F5B4 /* Build configuration list for PBXProject "Example" */ = {
			isa = XCConfigurationList;
			buildConfigurations = (
				307301752B3DB70100C5F5B4 /* Debug */,
				307301762B3DB70100C5F5B4 /* Release */,
			);
			defaultConfigurationIsVisible = 0;
			defaultConfigurationName = Release;
		};
		307301772B3DB70100C5F5B4 /* Build configuration list for PBXNativeTarget "Example App" */ = {
			isa = XCConfigurationList;
			buildConfigurations = (
				307301782B3DB70100C5F5B4 /* Debug */,
				307301792B3DB70100C5F5B4 /* Release */,
			);
			defaultConfigurationIsVisible = 0;
			defaultConfigurationName = Release;
		};
/* End XCConfigurationList section */

/* Begin XCLocalSwiftPackageReference section */
		307301802B3DBA7900C5F5B4 /* XCLocalSwiftPackageReference ".." */ = {
			isa = XCLocalSwiftPackageReference;
			relativePath = ..;
		};
/* End XCLocalSwiftPackageReference section */

/* Begin XCSwiftPackageProductDependency section */
		3073017B2B3DB96200C5F5B4 /* StreamDeckKit */ = {
			isa = XCSwiftPackageProductDependency;
			productName = StreamDeckKit;
		};
		3073017D2B3DB96200C5F5B4 /* StreamDeckSimulator */ = {
			isa = XCSwiftPackageProductDependency;
			productName = StreamDeckSimulator;
		};
		307301812B3DBA7900C5F5B4 /* StreamDeckKit */ = {
			isa = XCSwiftPackageProductDependency;
			productName = StreamDeckKit;
		};
		307301832B3DBA7900C5F5B4 /* StreamDeckSimulator */ = {
			isa = XCSwiftPackageProductDependency;
			productName = StreamDeckSimulator;
		};
/* End XCSwiftPackageProductDependency section */
	};
	rootObject = 307301612B3DB70000C5F5B4 /* Project object */;
}
