{
  "pins" : [
    {
      "identity" : "streamdeck-kit-macros",
      "kind" : "remoteSourceControl",
      "location" : "https://github.com/elgatosf/streamdeck-kit-macros",
      "state" : {
        "revision" : "47324ebb0e2517219dd795d2915987f06d46e47e",
        "version" : "0.0.1"
      }
    },
    {
      "identity" : "swift-syntax",
      "kind" : "remoteSourceControl",
      "location" : "https://github.com/apple/swift-syntax.git",
      "state" : {
        "revision" : "64889f0c732f210a935a0ad7cda38f77f876262d",
        "version" : "509.1.1"
      }
    }
  ],
  "version" : 2
}
